
Microsoft Visual Studio Solution File, Format Version 12.00
# Visual Studio Version 16
VisualStudioVersion = 16.0.28714.193
MinimumVisualStudioVersion = 10.0.40219.1
Project("{FAE04EC0-301F-11D3-BF4B-00C04F79EFBC}") = "Time Tracker", "Time Tracker\Time Tracker.csproj", "{0FAE7770-63FC-4D34-A2FA-5FBA057061A3}"
EndProject
Global
	GlobalSection(SolutionConfigurationPlatforms) = preSolution
		Debug|Any CPU = Debug|Any CPU
		Release|Any CPU = Release|Any CPU
	EndGlobalSection
	GlobalSection(ProjectConfigurationPlatforms) = postSolution
		{0FAE7770-63FC-4D34-A2FA-5FBA057061A3}.Debug|Any CPU.ActiveCfg = Debug|Any CPU
		{0FAE7770-63FC-4D34-A2FA-5FBA057061A3}.Debug|Any CPU.Build.0 = Debug|Any CPU
		{0FAE7770-63FC-4D34-A2FA-5FBA057061A3}.Release|Any CPU.ActiveCfg = Release|Any CPU
		{0FAE7770-63FC-4D34-A2FA-5FBA057061A3}.Release|Any CPU.Build.0 = Release|Any CPU
	EndGlobalSection
	GlobalSection(SolutionProperties) = preSolution
		HideSolutionNode = FALSE
	EndGlobalSection
	GlobalSection(ExtensibilityGlobals) = postSolution
		SolutionGuid = {80094F8E-2DB5-4EFA-AF53-5E11DD05318C}
	EndGlobalSection
EndGlobal
